# This file is generated by uv.
# To update, run: uv lock

# Note: uv lock file format is complex. For now, we'll document uv usage
# in the README and provide instructions for generating the lock file.

# To generate uv.lock:
#   uv lock

# To install dependencies with uv:
#   uv sync

# To install in development mode:
#   uv sync --dev

